
Microsoft Visual Studio Solution File, Format Version 12.00
# Visual Studio Version 17
VisualStudioVersion = 17.5.002.0
MinimumVisualStudioVersion = 10.0.40219.1
Project("{9A19103F-16F7-4668-BE54-9A1E7A4F7556}") = "portafolio", "portafolio.csproj", "{FA844A52-721E-4A31-B6DD-DDD55FF50ACF}"
EndProject
Global
	GlobalSection(SolutionConfigurationPlatforms) = preSolution
		Debug|Any CPU = Debug|Any CPU
		Release|Any CPU = Release|Any CPU
	EndGlobalSection
	GlobalSection(ProjectConfigurationPlatforms) = postSolution
		{FA844A52-721E-4A31-B6DD-DDD55FF50ACF}.Debug|Any CPU.ActiveCfg = Debug|Any CPU
		{FA844A52-721E-4A31-B6DD-DDD55FF50ACF}.Debug|Any CPU.Build.0 = Debug|Any CPU
		{FA844A52-721E-4A31-B6DD-DDD55FF50ACF}.Release|Any CPU.ActiveCfg = Release|Any CPU
		{FA844A52-721E-4A31-B6DD-DDD55FF50ACF}.Release|Any CPU.Build.0 = Release|Any CPU
	EndGlobalSection
	GlobalSection(SolutionProperties) = preSolution
		HideSolutionNode = FALSE
	EndGlobalSection
	GlobalSection(ExtensibilityGlobals) = postSolution
		SolutionGuid = {3357FD0D-F010-4B56-A683-8A9B54CE4B74}
	EndGlobalSection
EndGlobal
